
Microsoft Visual Studio Solution File, Format Version 12.00
# Visual Studio Version 17
VisualStudioVersion = 17.6.33801.468
MinimumVisualStudioVersion = 10.0.40219.1
Project("{9A19103F-16F7-4668-BE54-9A1E7A4F7556}") = "VinlandMain", "VinlandMain.csproj", "{AE49514A-B3D9-454F-9980-A3751C3C0AAD}"
EndProject
Global
	GlobalSection(SolutionConfigurationPlatforms) = preSolution
		Debug|Any CPU = Debug|Any CPU
		Release|Any CPU = Release|Any CPU
	EndGlobalSection
	GlobalSection(ProjectConfigurationPlatforms) = postSolution
		{AE49514A-B3D9-454F-9980-A3751C3C0AAD}.Debug|Any CPU.ActiveCfg = Debug|Any CPU
		{AE49514A-B3D9-454F-9980-A3751C3C0AAD}.Debug|Any CPU.Build.0 = Debug|Any CPU
		{AE49514A-B3D9-454F-9980-A3751C3C0AAD}.Release|Any CPU.ActiveCfg = Release|Any CPU
		{AE49514A-B3D9-454F-9980-A3751C3C0AAD}.Release|Any CPU.Build.0 = Release|Any CPU
	EndGlobalSection
	GlobalSection(SolutionProperties) = preSolution
		HideSolutionNode = FALSE
	EndGlobalSection
	GlobalSection(ExtensibilityGlobals) = postSolution
		SolutionGuid = {2CF67235-21FC-46EE-BEF1-C8929C8F908C}
	EndGlobalSection
EndGlobal
